<Solution>
  <Folder Name="/Task0/">
    <Project Path="Tyuiu.VekshinGF.Sprint1.Task0.V22.Lib/Tyuiu.VekshinGF.Sprint1.Task0.V22.Lib.csproj" />
    <Project Path="Tyuiu.VekshinGF.Sprint1.Task0.V22.Test/Tyuiu.VekshinGF.Sprint1.Task0.V22.Test.csproj" />
    <Project Path="Tyuiu.VekshinGF.Sprint1.Task0.V22/Tyuiu.VekshinGF.Sprint1.Task0.V22.csproj" />
  </Folder>
  <Folder Name="/Task1/">
    <Project Path="Tyuiu.VekshinGF.Sprint1.Task1.V10.Lib/Tyuiu.VekshinGF.Sprint1.Task1.V10.Lib.csproj" Id="0880c05e-9f20-4bf1-8831-352a52427b2b" />
    <Project Path="Tyuiu.VekshinGF.Sprint1.Task1.V10.Test/Tyuiu.VekshinGF.Sprint1.Task1.V10.Test.csproj" Id="cf21976a-9306-42c6-a82e-a8d62bfffd02" />
    <Project Path="Tyuiu.VekshinGF.Sprint1.Task1.V10/Tyuiu.VekshinGF.Sprint1.Task1.V10.csproj" Id="4363ad12-76d9-4de0-afc5-d5948e9621bd" />
  </Folder>
</Solution>
